
Microsoft Visual Studio Solution File, Format Version 12.00
# Visual Studio Version 16
VisualStudioVersion = 16.0.30413.136
MinimumVisualStudioVersion = 10.0.40219.1
Project("{FAE04EC0-301F-11D3-BF4B-00C04F79EFBC}") = "MessageQueue.Consumer", "MessageQueue.Consumer\MessageQueue.Consumer.csproj", "{997238DB-4D73-488D-94DF-72FA96290E92}"
EndProject
Global
	GlobalSection(SolutionConfigurationPlatforms) = preSolution
		Debug|Any CPU = Debug|Any CPU
		Release|Any CPU = Release|Any CPU
	EndGlobalSection
	GlobalSection(ProjectConfigurationPlatforms) = postSolution
		{997238DB-4D73-488D-94DF-72FA96290E92}.Debug|Any CPU.ActiveCfg = Debug|Any CPU
		{997238DB-4D73-488D-94DF-72FA96290E92}.Debug|Any CPU.Build.0 = Debug|Any CPU
		{997238DB-4D73-488D-94DF-72FA96290E92}.Release|Any CPU.ActiveCfg = Release|Any CPU
		{997238DB-4D73-488D-94DF-72FA96290E92}.Release|Any CPU.Build.0 = Release|Any CPU
	EndGlobalSection
	GlobalSection(SolutionProperties) = preSolution
		HideSolutionNode = FALSE
	EndGlobalSection
	GlobalSection(ExtensibilityGlobals) = postSolution
		SolutionGuid = {EFC3EC6C-03F4-48A8-9B6B-EAF9917CB459}
	EndGlobalSection
EndGlobal
